
Microsoft Visual Studio Solution File, Format Version 12.00
# Visual Studio Version 17
VisualStudioVersion = 17.5.33414.496
MinimumVisualStudioVersion = 10.0.40219.1
Project("{9A19103F-16F7-4668-BE54-9A1E7A4F7556}") = "StickyOrbitMarkers", "StickyOrbitMarkers.csproj", "{91BB4705-84F9-410E-BCFA-61CD572EDFD5}"
EndProject
Global
	GlobalSection(SolutionConfigurationPlatforms) = preSolution
		Debug|Any CPU = Debug|Any CPU
		Release|Any CPU = Release|Any CPU
	EndGlobalSection
	GlobalSection(ProjectConfigurationPlatforms) = postSolution
		{91BB4705-84F9-410E-BCFA-61CD572EDFD5}.Debug|Any CPU.ActiveCfg = Debug|Any CPU
		{91BB4705-84F9-410E-BCFA-61CD572EDFD5}.Debug|Any CPU.Build.0 = Debug|Any CPU
		{91BB4705-84F9-410E-BCFA-61CD572EDFD5}.Release|Any CPU.ActiveCfg = Release|Any CPU
		{91BB4705-84F9-410E-BCFA-61CD572EDFD5}.Release|Any CPU.Build.0 = Release|Any CPU
	EndGlobalSection
	GlobalSection(SolutionProperties) = preSolution
		HideSolutionNode = FALSE
	EndGlobalSection
	GlobalSection(ExtensibilityGlobals) = postSolution
		SolutionGuid = {347DC950-C986-4D0C-9B74-79381C1B2110}
	EndGlobalSection
EndGlobal
