
Microsoft Visual Studio Solution File, Format Version 12.00
Project("{FAE04EC0-301F-11D3-BF4B-00C04F79EFBC}") = "StickyOrbitMarkers", "StickyOrbitMarkersProject\StickyOrbitMarkers.csproj", "{5DA43340-6E7C-49AE-9E33-114F244809E4}"
EndProject
Global
	GlobalSection(SolutionConfigurationPlatforms) = preSolution
		Debug|Any CPU = Debug|Any CPU
		Release|Any CPU = Release|Any CPU
	EndGlobalSection
	GlobalSection(ProjectConfigurationPlatforms) = postSolution
		{5DA43340-6E7C-49AE-9E33-114F244809E4}.Debug|Any CPU.ActiveCfg = Debug|Any CPU
		{5DA43340-6E7C-49AE-9E33-114F244809E4}.Debug|Any CPU.Build.0 = Debug|Any CPU
		{5DA43340-6E7C-49AE-9E33-114F244809E4}.Release|Any CPU.ActiveCfg = Release|Any CPU
		{5DA43340-6E7C-49AE-9E33-114F244809E4}.Release|Any CPU.Build.0 = Release|Any CPU
	EndGlobalSection
EndGlobal
